
Microsoft Visual Studio Solution File, Format Version 12.00
# Visual Studio 15
VisualStudioVersion = 15.0.27703.2042
MinimumVisualStudioVersion = 10.0.40219.1
Project("{FAE04EC0-301F-11D3-BF4B-00C04F79EFBC}") = "CustomPasswordPolicy", "CustomPasswordPolicy\CustomPasswordPolicy.csproj", "{A81AF4F2-AD59-4577-A0F4-E4F37EDAB2C3}"
EndProject
Global
	GlobalSection(SolutionConfigurationPlatforms) = preSolution
		Debug|Any CPU = Debug|Any CPU
		Release|Any CPU = Release|Any CPU
	EndGlobalSection
	GlobalSection(ProjectConfigurationPlatforms) = postSolution
		{A81AF4F2-AD59-4577-A0F4-E4F37EDAB2C3}.Debug|Any CPU.ActiveCfg = Debug|Any CPU
		{A81AF4F2-AD59-4577-A0F4-E4F37EDAB2C3}.Debug|Any CPU.Build.0 = Debug|Any CPU
		{A81AF4F2-AD59-4577-A0F4-E4F37EDAB2C3}.Release|Any CPU.ActiveCfg = Release|Any CPU
		{A81AF4F2-AD59-4577-A0F4-E4F37EDAB2C3}.Release|Any CPU.Build.0 = Release|Any CPU
	EndGlobalSection
	GlobalSection(SolutionProperties) = preSolution
		HideSolutionNode = FALSE
	EndGlobalSection
	GlobalSection(ExtensibilityGlobals) = postSolution
		SolutionGuid = {7F099E51-739D-4855-8BCD-20443E168737}
	EndGlobalSection
EndGlobal
